// !$*UTF8*$!
{
	archiveVersion = 1;
	classes = {
	};
	objectVersion = 48;
	objects = {

/* Begin PBXBuildFile section */
		1FBCBF101FD5E3A20000AD57 /* AppDelegate.swift in Sources */ = {isa = PBXBuildFile; fileRef = 1FBCBF0F1FD5E3A20000AD57 /* AppDelegate.swift */; };
		1FBCBF121FD5E3A20000AD57 /* ViewController.swift in Sources */ = {isa = PBXBuildFile; fileRef = 1FBCBF111FD5E3A20000AD57 /* ViewController.swift */; };
		1FBCBF151FD5E3A20000AD57 /* Main.storyboard in Resources */ = {isa = PBXBuildFile; fileRef = 1FBCBF131FD5E3A20000AD57 /* Main.storyboard */; };
		1FBCBF171FD5E3A20000AD57 /* Assets.xcassets in Resources */ = {isa = PBXBuildFile; fileRef = 1FBCBF161FD5E3A20000AD57 /* Assets.xcassets */; };
		1FBCBF1A1FD5E3A20000AD57 /* LaunchScreen.storyboard in Resources */ = {isa = PBXBuildFile; fileRef = 1FBCBF181FD5E3A20000AD57 /* LaunchScreen.storyboard */; };
		1FBCBF251FD5E3A30000AD57 /* FootballNow_Tests.swift in Sources */ = {isa = PBXBuildFile; fileRef = 1FBCBF241FD5E3A30000AD57 /* FootballNow_Tests.swift */; };
		1FBCBF301FD5E3D20000AD57 /* Team.swift in Sources */ = {isa = PBXBuildFile; fileRef = 1FBCBF2F1FD5E3D20000AD57 /* Team.swift */; };
/* End PBXBuildFile section */

/* Begin PBXContainerItemProxy section */
		1FBCBF211FD5E3A30000AD57 /* PBXContainerItemProxy */ = {
			isa = PBXContainerItemProxy;
			containerPortal = 1FBCBF041FD5E3A20000AD57 /* Project object */;
			proxyType = 1;
			remoteGlobalIDString = 1FBCBF0B1FD5E3A20000AD57;
			remoteInfo = "FootballNow!";
		};
/* End PBXContainerItemProxy section */

/* Begin PBXFileReference section */
		1FBCBF0C1FD5E3A20000AD57 /* FootballNow!.app */ = {isa = PBXFileReference; explicitFileType = wrapper.application; includeInIndex = 0; path = "FootballNow!.app"; sourceTree = BUILT_PRODUCTS_DIR; };
		1FBCBF0F1FD5E3A20000AD57 /* AppDelegate.swift */ = {isa = PBXFileReference; lastKnownFileType = sourcecode.swift; path = AppDelegate.swift; sourceTree = "<group>"; };
		1FBCBF111FD5E3A20000AD57 /* ViewController.swift */ = {isa = PBXFileReference; lastKnownFileType = sourcecode.swift; path = ViewController.swift; sourceTree = "<group>"; };
		1FBCBF141FD5E3A20000AD57 /* Base */ = {isa = PBXFileReference; lastKnownFileType = file.storyboard; name = Base; path = Base.lproj/Main.storyboard; sourceTree = "<group>"; };
		1FBCBF161FD5E3A20000AD57 /* Assets.xcassets */ = {isa = PBXFileReference; lastKnownFileType = folder.assetcatalog; path = Assets.xcassets; sourceTree = "<group>"; };
		1FBCBF191FD5E3A20000AD57 /* Base */ = {isa = PBXFileReference; lastKnownFileType = file.storyboard; name = Base; path = Base.lproj/LaunchScreen.storyboard; sourceTree = "<group>"; };
		1FBCBF1B1FD5E3A20000AD57 /* Info.plist */ = {isa = PBXFileReference; lastKnownFileType = text.plist.xml; path = Info.plist; sourceTree = "<group>"; };
		1FBCBF201FD5E3A30000AD57 /* FootballNow!Tests.xctest */ = {isa = PBXFileReference; explicitFileType = wrapper.cfbundle; includeInIndex = 0; path = "FootballNow!Tests.xctest"; sourceTree = BUILT_PRODUCTS_DIR; };
		1FBCBF241FD5E3A30000AD57 /* FootballNow_Tests.swift */ = {isa = PBXFileReference; lastKnownFileType = sourcecode.swift; path = FootballNow_Tests.swift; sourceTree = "<group>"; };
		1FBCBF261FD5E3A30000AD57 /* Info.plist */ = {isa = PBXFileReference; lastKnownFileType = text.plist.xml; path = Info.plist; sourceTree = "<group>"; };
		1FBCBF2F1FD5E3D20000AD57 /* Team.swift */ = {isa = PBXFileReference; lastKnownFileType = sourcecode.swift; path = Team.swift; sourceTree = "<group>"; };
/* End PBXFileReference section */

/* Begin PBXFrameworksBuildPhase section */
		1FBCBF091FD5E3A20000AD57 /* Frameworks */ = {
			isa = PBXFrameworksBuildPhase;
			buildActionMask = 2147483647;
			files = (
			);
			runOnlyForDeploymentPostprocessing = 0;
		};
		1FBCBF1D1FD5E3A30000AD57 /* Frameworks */ = {
			isa = PBXFrameworksBuildPhase;
			buildActionMask = 2147483647;
			files = (
			);
			runOnlyForDeploymentPostprocessing = 0;
		};
/* End PBXFrameworksBuildPhase section */

/* Begin PBXGroup section */
		1FBCBF031FD5E3A20000AD57 = {
			isa = PBXGroup;
			children = (
				1FBCBF0E1FD5E3A20000AD57 /* FootballNow! */,
				1FBCBF231FD5E3A30000AD57 /* FootballNow!Tests */,
				1FBCBF0D1FD5E3A20000AD57 /* Products */,
			);
			sourceTree = "<group>";
		};
		1FBCBF0D1FD5E3A20000AD57 /* Products */ = {
			isa = PBXGroup;
			children = (
				1FBCBF0C1FD5E3A20000AD57 /* FootballNow!.app */,
				1FBCBF201FD5E3A30000AD57 /* FootballNow!Tests.xctest */,
			);
			name = Products;
			sourceTree = "<group>";
		};
		1FBCBF0E1FD5E3A20000AD57 /* FootballNow! */ = {
			isa = PBXGroup;
			children = (
				1FBCBF0F1FD5E3A20000AD57 /* AppDelegate.swift */,
				1FBCBF111FD5E3A20000AD57 /* ViewController.swift */,
				1FBCBF131FD5E3A20000AD57 /* Main.storyboard */,
				1FBCBF161FD5E3A20000AD57 /* Assets.xcassets */,
				1FBCBF181FD5E3A20000AD57 /* LaunchScreen.storyboard */,
				1FBCBF1B1FD5E3A20000AD57 /* Info.plist */,
				1FBCBF2F1FD5E3D20000AD57 /* Team.swift */,
			);
			path = "FootballNow!";
			sourceTree = "<group>";
		};
		1FBCBF231FD5E3A30000AD57 /* FootballNow!Tests */ = {
			isa = PBXGroup;
			children = (
				1FBCBF241FD5E3A30000AD57 /* FootballNow_Tests.swift */,
				1FBCBF261FD5E3A30000AD57 /* Info.plist */,
			);
			path = "FootballNow!Tests";
			sourceTree = "<group>";
		};
/* End PBXGroup section */

/* Begin PBXNativeTarget section */
		1FBCBF0B1FD5E3A20000AD57 /* FootballNow! */ = {
			isa = PBXNativeTarget;
			buildConfigurationList = 1FBCBF291FD5E3A30000AD57 /* Build configuration list for PBXNativeTarget "FootballNow!" */;
			buildPhases = (
				1FBCBF081FD5E3A20000AD57 /* Sources */,
				1FBCBF091FD5E3A20000AD57 /* Frameworks */,
				1FBCBF0A1FD5E3A20000AD57 /* Resources */,
			);
			buildRules = (
			);
			dependencies = (
			);
			name = "FootballNow!";
			productName = "FootballNow!";
			productReference = 1FBCBF0C1FD5E3A20000AD57 /* FootballNow!.app */;
			productType = "com.apple.product-type.application";
		};
		1FBCBF1F1FD5E3A30000AD57 /* FootballNow!Tests */ = {
			isa = PBXNativeTarget;
			buildConfigurationList = 1FBCBF2C1FD5E3A30000AD57 /* Build configuration list for PBXNativeTarget "FootballNow!Tests" */;
			buildPhases = (
				1FBCBF1C1FD5E3A30000AD57 /* Sources */,
				1FBCBF1D1FD5E3A30000AD57 /* Frameworks */,
				1FBCBF1E1FD5E3A30000AD57 /* Resources */,
			);
			buildRules = (
			);
			dependencies = (
				1FBCBF221FD5E3A30000AD57 /* PBXTargetDependency */,
			);
			name = "FootballNow!Tests";
			productName = "FootballNow!Tests";
			productReference = 1FBCBF201FD5E3A30000AD57 /* FootballNow!Tests.xctest */;
			productType = "com.apple.product-type.bundle.unit-test";
		};
/* End PBXNativeTarget section */

/* Begin PBXProject section */
		1FBCBF041FD5E3A20000AD57 /* Project object */ = {
			isa = PBXProject;
			attributes = {
				LastSwiftUpdateCheck = 0910;
				LastUpgradeCheck = 0910;
				ORGANIZATIONNAME = geeoku;
				TargetAttributes = {
					1FBCBF0B1FD5E3A20000AD57 = {
						CreatedOnToolsVersion = 9.1;
						ProvisioningStyle = Automatic;
					};
					1FBCBF1F1FD5E3A30000AD57 = {
						CreatedOnToolsVersion = 9.1;
						ProvisioningStyle = Automatic;
						TestTargetID = 1FBCBF0B1FD5E3A20000AD57;
					};
				};
			};
			buildConfigurationList = 1FBCBF071FD5E3A20000AD57 /* Build configuration list for PBXProject "FootballNow!" */;
			compatibilityVersion = "Xcode 8.0";
			developmentRegion = en;
			hasScannedForEncodings = 0;
			knownRegions = (
				en,
				Base,
			);
			mainGroup = 1FBCBF031FD5E3A20000AD57;
			productRefGroup = 1FBCBF0D1FD5E3A20000AD57 /* Products */;
			projectDirPath = "";
			projectRoot = "";
			targets = (
				1FBCBF0B1FD5E3A20000AD57 /* FootballNow! */,
				1FBCBF1F1FD5E3A30000AD57 /* FootballNow!Tests */,
			);
		};
/* End PBXProject section */

/* Begin PBXResourcesBuildPhase section */
		1FBCBF0A1FD5E3A20000AD57 /* Resources */ = {
			isa = PBXResourcesBuildPhase;
			buildActionMask = 2147483647;
			files = (
				1FBCBF1A1FD5E3A20000AD57 /* LaunchScreen.storyboard in Resources */,
				1FBCBF171FD5E3A20000AD57 /* Assets.xcassets in Resources */,
				1FBCBF151FD5E3A20000AD57 /* Main.storyboard in Resources */,
			);
			runOnlyForDeploymentPostprocessing = 0;
		};
		1FBCBF1E1FD5E3A30000AD57 /* Resources */ = {
			isa = PBXResourcesBuildPhase;
			buildActionMask = 2147483647;
			files = (
			);
			runOnlyForDeploymentPostprocessing = 0;
		};
/* End PBXResourcesBuildPhase section */

/* Begin PBXSourcesBuildPhase section */
		1FBCBF081FD5E3A20000AD57 /* Sources */ = {
			isa = PBXSourcesBuildPhase;
			buildActionMask = 2147483647;
			files = (
				1FBCBF301FD5E3D20000AD57 /* Team.swift in Sources */,
				1FBCBF121FD5E3A20000AD57 /* ViewController.swift in Sources */,
				1FBCBF101FD5E3A20000AD57 /* AppDelegate.swift in Sources */,
			);
			runOnlyForDeploymentPostprocessing = 0;
		};
		1FBCBF1C1FD5E3A30000AD57 /* Sources */ = {
			isa = PBXSourcesBuildPhase;
			buildActionMask = 2147483647;
			files = (
				1FBCBF251FD5E3A30000AD57 /* FootballNow_Tests.swift in Sources */,
			);
			runOnlyForDeploymentPostprocessing = 0;
		};
/* End PBXSourcesBuildPhase section */

/* Begin PBXTargetDependency section */
		1FBCBF221FD5E3A30000AD57 /* PBXTargetDependency */ = {
			isa = PBXTargetDependency;
			target = 1FBCBF0B1FD5E3A20000AD57 /* FootballNow! */;
			targetProxy = 1FBCBF211FD5E3A30000AD57 /* PBXContainerItemProxy */;
		};
/* End PBXTargetDependency section */

/* Begin PBXVariantGroup section */
		1FBCBF131FD5E3A20000AD57 /* Main.storyboard */ = {
			isa = PBXVariantGroup;
			children = (
				1FBCBF141FD5E3A20000AD57 /* Base */,
			);
			name = Main.storyboard;
			sourceTree = "<group>";
		};
		1FBCBF181FD5E3A20000AD57 /* LaunchScreen.storyboard */ = {
			isa = PBXVariantGroup;
			children = (
				1FBCBF191FD5E3A20000AD57 /* Base */,
			);
			name = LaunchScreen.storyboard;
			sourceTree = "<group>";
		};
/* End PBXVariantGroup section */

/* Begin XCBuildConfiguration section */
		1FBCBF271FD5E3A30000AD57 /* Debug */ = {
			isa = XCBuildConfiguration;
			buildSettings = {
				ALWAYS_SEARCH_USER_PATHS = NO;
				CLANG_ANALYZER_NONNULL = YES;
				CLANG_ANALYZER_NUMBER_OBJECT_CONVERSION = YES_AGGRESSIVE;
				CLANG_CXX_LANGUAGE_STANDARD = "gnu++14";
				CLANG_CXX_LIBRARY = "libc++";
				CLANG_ENABLE_MODULES = YES;
				CLANG_ENABLE_OBJC_ARC = YES;
				CLANG_WARN_BLOCK_CAPTURE_AUTORELEASING = YES;
				CLANG_WARN_BOOL_CONVERSION = YES;
				CLANG_WARN_COMMA = YES;
				CLANG_WARN_CONSTANT_CONVERSION = YES;
				CLANG_WARN_DIRECT_OBJC_ISA_USAGE = YES_ERROR;
				CLANG_WARN_DOCUMENTATION_COMMENTS = YES;
				CLANG_WARN_EMPTY_BODY = YES;
				CLANG_WARN_ENUM_CONVERSION = YES;
				CLANG_WARN_INFINITE_RECURSION = YES;
				CLANG_WARN_INT_CONVERSION = YES;
				CLANG_WARN_NON_LITERAL_NULL_CONVERSION = YES;
				CLANG_WARN_OBJC_LITERAL_CONVERSION = YES;
				CLANG_WARN_OBJC_ROOT_CLASS = YES_ERROR;
				CLANG_WARN_RANGE_LOOP_ANALYSIS = YES;
				CLANG_WARN_STRICT_PROTOTYPES = YES;
				CLANG_WARN_SUSPICIOUS_MOVE = YES;
				CLANG_WARN_UNGUARDED_AVAILABILITY = YES_AGGRESSIVE;
				CLANG_WARN_UNREACHABLE_CODE = YES;
				CLANG_WARN__DUPLICATE_METHOD_MATCH = YES;
				CODE_SIGN_IDENTITY = "iPhone Developer";
				COPY_PHASE_STRIP = NO;
				DEBUG_INFORMATION_FORMAT = dwarf;
				ENABLE_STRICT_OBJC_MSGSEND = YES;
				ENABLE_TESTABILITY = YES;
				GCC_C_LANGUAGE_STANDARD = gnu11;
				GCC_DYNAMIC_NO_PIC = NO;
				GCC_NO_COMMON_BLOCKS = YES;
				GCC_OPTIMIZATION_LEVEL = 0;
				GCC_PREPROCESSOR_DEFINITIONS = (
					"DEBUG=1",
					"$(inherited)",
				);
				GCC_WARN_64_TO_32_BIT_CONVERSION = YES;
				GCC_WARN_ABOUT_RETURN_TYPE = YES_ERROR;
				GCC_WARN_UNDECLARED_SELECTOR = YES;
				GCC_WARN_UNINITIALIZED_AUTOS = YES_AGGRESSIVE;
				GCC_WARN_UNUSED_FUNCTION = YES;
				GCC_WARN_UNUSED_VARIABLE = YES;
				IPHONEOS_DEPLOYMENT_TARGET = 11.1;
				MTL_ENABLE_DEBUG_INFO = YES;
				ONLY_ACTIVE_ARCH = YES;
				SDKROOT = iphoneos;
				SWIFT_ACTIVE_COMPILATION_CONDITIONS = DEBUG;
				SWIFT_OPTIMIZATION_LEVEL = "-Onone";
			};
			name = Debug;
		};
		1FBCBF281FD5E3A30000AD57 /* Release */ = {
			isa = XCBuildConfiguration;
			buildSettings = {
				ALWAYS_SEARCH_USER_PATHS = NO;
				CLANG_ANALYZER_NONNULL = YES;
				CLANG_ANALYZER_NUMBER_OBJECT_CONVERSION = YES_AGGRESSIVE;
				CLANG_CXX_LANGUAGE_STANDARD = "gnu++14";
				CLANG_CXX_LIBRARY = "libc++";
				CLANG_ENABLE_MODULES = YES;
				CLANG_ENABLE_OBJC_ARC = YES;
				CLANG_WARN_BLOCK_CAPTURE_AUTORELEASING = YES;
				CLANG_WARN_BOOL_CONVERSION = YES;
				CLANG_WARN_COMMA = YES;
				CLANG_WARN_CONSTANT_CONVERSION = YES;
				CLANG_WARN_DIRECT_OBJC_ISA_USAGE = YES_ERROR;
				CLANG_WARN_DOCUMENTATION_COMMENTS = YES;
				CLANG_WARN_EMPTY_BODY = YES;
				CLANG_WARN_ENUM_CONVERSION = YES;
				CLANG_WARN_INFINITE_RECURSION = YES;
				CLANG_WARN_INT_CONVERSION = YES;
				CLANG_WARN_NON_LITERAL_NULL_CONVERSION = YES;
				CLANG_WARN_OBJC_LITERAL_CONVERSION = YES;
				CLANG_WARN_OBJC_ROOT_CLASS = YES_ERROR;
				CLANG_WARN_RANGE_LOOP_ANALYSIS = YES;
				CLANG_WARN_STRICT_PROTOTYPES = YES;
				CLANG_WARN_SUSPICIOUS_MOVE = YES;
				CLANG_WARN_UNGUARDED_AVAILABILITY = YES_AGGRESSIVE;
				CLANG_WARN_UNREACHABLE_CODE = YES;
				CLANG_WARN__DUPLICATE_METHOD_MATCH = YES;
				CODE_SIGN_IDENTITY = "iPhone Developer";
				COPY_PHASE_STRIP = NO;
				DEBUG_INFORMATION_FORMAT = "dwarf-with-dsym";
				ENABLE_NS_ASSERTIONS = NO;
				ENABLE_STRICT_OBJC_MSGSEND = YES;
				GCC_C_LANGUAGE_STANDARD = gnu11;
				GCC_NO_COMMON_BLOCKS = YES;
				GCC_WARN_64_TO_32_BIT_CONVERSION = YES;
				GCC_WARN_ABOUT_RETURN_TYPE = YES_ERROR;
				GCC_WARN_UNDECLARED_SELECTOR = YES;
				GCC_WARN_UNINITIALIZED_AUTOS = YES_AGGRESSIVE;
				GCC_WARN_UNUSED_FUNCTION = YES;
				GCC_WARN_UNUSED_VARIABLE = YES;
				IPHONEOS_DEPLOYMENT_TARGET = 11.1;
				MTL_ENABLE_DEBUG_INFO = NO;
				SDKROOT = iphoneos;
				SWIFT_OPTIMIZATION_LEVEL = "-Owholemodule";
				VALIDATE_PRODUCT = YES;
			};
			name = Release;
		};
		1FBCBF2A1FD5E3A30000AD57 /* Debug */ = {
			isa = XCBuildConfiguration;
			buildSettings = {
				ASSETCATALOG_COMPILER_APPICON_NAME = AppIcon;
				CODE_SIGN_STYLE = Automatic;
				DEVELOPMENT_TEAM = 7E646DTM59;
				INFOPLIST_FILE = "FootballNow!/Info.plist";
				LD_RUNPATH_SEARCH_PATHS = "$(inherited) @executable_path/Frameworks";
				PRODUCT_BUNDLE_IDENTIFIER = "com.geeoku.FootballNow-";
				PRODUCT_NAME = "$(TARGET_NAME)";
				SWIFT_VERSION = 4.0;
				TARGETED_DEVICE_FAMILY = "1,2";
			};
			name = Debug;
		};
		1FBCBF2B1FD5E3A30000AD57 /* Release */ = {
			isa = XCBuildConfiguration;
			buildSettings = {
				ASSETCATALOG_COMPILER_APPICON_NAME = AppIcon;
				CODE_SIGN_STYLE = Automatic;
				DEVELOPMENT_TEAM = 7E646DTM59;
				INFOPLIST_FILE = "FootballNow!/Info.plist";
				LD_RUNPATH_SEARCH_PATHS = "$(inherited) @executable_path/Frameworks";
				PRODUCT_BUNDLE_IDENTIFIER = "com.geeoku.FootballNow-";
				PRODUCT_NAME = "$(TARGET_NAME)";
				SWIFT_VERSION = 4.0;
				TARGETED_DEVICE_FAMILY = "1,2";
			};
			name = Release;
		};
		1FBCBF2D1FD5E3A30000AD57 /* Debug */ = {
			isa = XCBuildConfiguration;
			buildSettings = {
				ALWAYS_EMBED_SWIFT_STANDARD_LIBRARIES = YES;
				BUNDLE_LOADER = "$(TEST_HOST)";
				CODE_SIGN_STYLE = Automatic;
				DEVELOPMENT_TEAM = 7E646DTM59;
				INFOPLIST_FILE = "FootballNow!Tests/Info.plist";
				LD_RUNPATH_SEARCH_PATHS = "$(inherited) @executable_path/Frameworks @loader_path/Frameworks";
				PRODUCT_BUNDLE_IDENTIFIER = "com.geeoku.FootballNow-Tests";
				PRODUCT_NAME = "$(TARGET_NAME)";
				SWIFT_VERSION = 4.0;
				TARGETED_DEVICE_FAMILY = "1,2";
				TEST_HOST = "$(BUILT_PRODUCTS_DIR)/FootballNow!.app/FootballNow!";
			};
			name = Debug;
		};
		1FBCBF2E1FD5E3A30000AD57 /* Release */ = {
			isa = XCBuildConfiguration;
			buildSettings = {
				ALWAYS_EMBED_SWIFT_STANDARD_LIBRARIES = YES;
				BUNDLE_LOADER = "$(TEST_HOST)";
				CODE_SIGN_STYLE = Automatic;
				DEVELOPMENT_TEAM = 7E646DTM59;
				INFOPLIST_FILE = "FootballNow!Tests/Info.plist";
				LD_RUNPATH_SEARCH_PATHS = "$(inherited) @executable_path/Frameworks @loader_path/Frameworks";
				PRODUCT_BUNDLE_IDENTIFIER = "com.geeoku.FootballNow-Tests";
				PRODUCT_NAME = "$(TARGET_NAME)";
				SWIFT_VERSION = 4.0;
				TARGETED_DEVICE_FAMILY = "1,2";
				TEST_HOST = "$(BUILT_PRODUCTS_DIR)/FootballNow!.app/FootballNow!";
			};
			name = Release;
		};
/* End XCBuildConfiguration section */

/* Begin XCConfigurationList section */
		1FBCBF071FD5E3A20000AD57 /* Build configuration list for PBXProject "FootballNow!" */ = {
			isa = XCConfigurationList;
			buildConfigurations = (
				1FBCBF271FD5E3A30000AD57 /* Debug */,
				1FBCBF281FD5E3A30000AD57 /* Release */,
			);
			defaultConfigurationIsVisible = 0;
			defaultConfigurationName = Release;
		};
		1FBCBF291FD5E3A30000AD57 /* Build configuration list for PBXNativeTarget "FootballNow!" */ = {
			isa = XCConfigurationList;
			buildConfigurations = (
				1FBCBF2A1FD5E3A30000AD57 /* Debug */,
				1FBCBF2B1FD5E3A30000AD57 /* Release */,
			);
			defaultConfigurationIsVisible = 0;
			defaultConfigurationName = Release;
		};
		1FBCBF2C1FD5E3A30000AD57 /* Build configuration list for PBXNativeTarget "FootballNow!Tests" */ = {
			isa = XCConfigurationList;
			buildConfigurations = (
				1FBCBF2D1FD5E3A30000AD57 /* Debug */,
				1FBCBF2E1FD5E3A30000AD57 /* Release */,
			);
			defaultConfigurationIsVisible = 0;
			defaultConfigurationName = Release;
		};
/* End XCConfigurationList section */
	};
	rootObject = 1FBCBF041FD5E3A20000AD57 /* Project object */;
}
