// !$*UTF8*$!
{
	archiveVersion = 1;
	classes = {
	};
	objectVersion = 48;
	objects = {

/* Begin PBXBuildFile section */
		1F470B021FFEA03100ED3650 /* Player.swift in Sources */ = {isa = PBXBuildFile; fileRef = 1F470B011FFEA03100ED3650 /* Player.swift */; };
		1F6FB63E200C1501007BE5F9 /* FixtureTableViewCell.swift in Sources */ = {isa = PBXBuildFile; fileRef = 1F6FB63C200C1501007BE5F9 /* FixtureTableViewCell.swift */; };
		1F6FB63F200C1501007BE5F9 /* FixtureTableViewCell.xib in Resources */ = {isa = PBXBuildFile; fileRef = 1F6FB63D200C1501007BE5F9 /* FixtureTableViewCell.xib */; };
		1F6FB641200C152B007BE5F9 /* FixtureTableViewController.swift in Sources */ = {isa = PBXBuildFile; fileRef = 1F6FB640200C152B007BE5F9 /* FixtureTableViewController.swift */; };
		1F78699C2013E9F9007CC8A3 /* TeamResponse.swift in Sources */ = {isa = PBXBuildFile; fileRef = 1F78699B2013E9F9007CC8A3 /* TeamResponse.swift */; };
		1F7B86B6201144A40081B7B5 /* FixturesResponse.swift in Sources */ = {isa = PBXBuildFile; fileRef = 1F7B86B5201144A40081B7B5 /* FixturesResponse.swift */; };
		1F7B86BA20115A300081B7B5 /* Result.swift in Sources */ = {isa = PBXBuildFile; fileRef = 1F7B86B920115A300081B7B5 /* Result.swift */; };
		1F905EBF2013CCA1008CE3BA /* PlayerTableViewController.swift in Sources */ = {isa = PBXBuildFile; fileRef = 1F905EBE2013CCA1008CE3BA /* PlayerTableViewController.swift */; };
		1FAD0A641FFEB222001274F5 /* PlayerTableViewCell.swift in Sources */ = {isa = PBXBuildFile; fileRef = 1FAD0A621FFEB222001274F5 /* PlayerTableViewCell.swift */; };
		1FAD0A651FFEB222001274F5 /* PlayerTableViewCell.xib in Resources */ = {isa = PBXBuildFile; fileRef = 1FAD0A631FFEB222001274F5 /* PlayerTableViewCell.xib */; };
		1FAD0A671FFEC37D001274F5 /* LeagueTable.swift in Sources */ = {isa = PBXBuildFile; fileRef = 1FAD0A661FFEC37D001274F5 /* LeagueTable.swift */; };
		1FAD0A691FFEC4A5001274F5 /* Fixture.swift in Sources */ = {isa = PBXBuildFile; fileRef = 1FAD0A681FFEC4A5001274F5 /* Fixture.swift */; };
		1FAD0A6B1FFECC95001274F5 /* LeagueTableViewController.swift in Sources */ = {isa = PBXBuildFile; fileRef = 1FAD0A6A1FFECC95001274F5 /* LeagueTableViewController.swift */; };
		1FAD0A6E1FFECD37001274F5 /* LeagueTableViewCell.swift in Sources */ = {isa = PBXBuildFile; fileRef = 1FAD0A6C1FFECD37001274F5 /* LeagueTableViewCell.swift */; };
		1FAD0A6F1FFECD37001274F5 /* LeagueTableViewCell.xib in Resources */ = {isa = PBXBuildFile; fileRef = 1FAD0A6D1FFECD37001274F5 /* LeagueTableViewCell.xib */; };
		1FBCBF101FD5E3A20000AD57 /* AppDelegate.swift in Sources */ = {isa = PBXBuildFile; fileRef = 1FBCBF0F1FD5E3A20000AD57 /* AppDelegate.swift */; };
		1FBCBF151FD5E3A20000AD57 /* Main.storyboard in Resources */ = {isa = PBXBuildFile; fileRef = 1FBCBF131FD5E3A20000AD57 /* Main.storyboard */; };
		1FBCBF171FD5E3A20000AD57 /* Assets.xcassets in Resources */ = {isa = PBXBuildFile; fileRef = 1FBCBF161FD5E3A20000AD57 /* Assets.xcassets */; };
		1FBCBF1A1FD5E3A20000AD57 /* LaunchScreen.storyboard in Resources */ = {isa = PBXBuildFile; fileRef = 1FBCBF181FD5E3A20000AD57 /* LaunchScreen.storyboard */; };
		1FBCBF251FD5E3A30000AD57 /* FootballNow_Tests.swift in Sources */ = {isa = PBXBuildFile; fileRef = 1FBCBF241FD5E3A30000AD57 /* FootballNow_Tests.swift */; };
		1FBCBF301FD5E3D20000AD57 /* Team.swift in Sources */ = {isa = PBXBuildFile; fileRef = 1FBCBF2F1FD5E3D20000AD57 /* Team.swift */; };
		1FBCBF361FD5E93C0000AD57 /* Default-568h@2x.png in Resources */ = {isa = PBXBuildFile; fileRef = 1FBCBF351FD5E93C0000AD57 /* Default-568h@2x.png */; };
		1FBCBF391FD5E9CB0000AD57 /* TeamsTableViewCell.swift in Sources */ = {isa = PBXBuildFile; fileRef = 1FBCBF371FD5E9CB0000AD57 /* TeamsTableViewCell.swift */; };
		1FBCBF3A1FD5E9CB0000AD57 /* TeamsTableViewCell.xib in Resources */ = {isa = PBXBuildFile; fileRef = 1FBCBF381FD5E9CB0000AD57 /* TeamsTableViewCell.xib */; };
		1FBCBF3C1FD5E9F60000AD57 /* TeamsTableViewController.swift in Sources */ = {isa = PBXBuildFile; fileRef = 1FBCBF3B1FD5E9F60000AD57 /* TeamsTableViewController.swift */; };
		3DF59A8653DC6888CF7F70DF /* Pods_FootballNow_Tests.framework in Frameworks */ = {isa = PBXBuildFile; fileRef = BE848B39DF81BFC2657DB374 /* Pods_FootballNow_Tests.framework */; };
		90ACE31A2B0AA16EE4327819 /* Pods_FootballNow_.framework in Frameworks */ = {isa = PBXBuildFile; fileRef = 485412F6BF7E76CD3CADEB51 /* Pods_FootballNow_.framework */; };
/* End PBXBuildFile section */

/* Begin PBXContainerItemProxy section */
		1FBCBF211FD5E3A30000AD57 /* PBXContainerItemProxy */ = {
			isa = PBXContainerItemProxy;
			containerPortal = 1FBCBF041FD5E3A20000AD57 /* Project object */;
			proxyType = 1;
			remoteGlobalIDString = 1FBCBF0B1FD5E3A20000AD57;
			remoteInfo = "FootballNow!";
		};
/* End PBXContainerItemProxy section */

/* Begin PBXFileReference section */
		1F470B011FFEA03100ED3650 /* Player.swift */ = {isa = PBXFileReference; lastKnownFileType = sourcecode.swift; path = Player.swift; sourceTree = "<group>"; };
		1F6FB63C200C1501007BE5F9 /* FixtureTableViewCell.swift */ = {isa = PBXFileReference; lastKnownFileType = sourcecode.swift; path = FixtureTableViewCell.swift; sourceTree = "<group>"; };
		1F6FB63D200C1501007BE5F9 /* FixtureTableViewCell.xib */ = {isa = PBXFileReference; lastKnownFileType = file.xib; path = FixtureTableViewCell.xib; sourceTree = "<group>"; };
		1F6FB640200C152B007BE5F9 /* FixtureTableViewController.swift */ = {isa = PBXFileReference; lastKnownFileType = sourcecode.swift; path = FixtureTableViewController.swift; sourceTree = "<group>"; };
		1F78699B2013E9F9007CC8A3 /* TeamResponse.swift */ = {isa = PBXFileReference; lastKnownFileType = sourcecode.swift; path = TeamResponse.swift; sourceTree = "<group>"; };
		1F7B86B5201144A40081B7B5 /* FixturesResponse.swift */ = {isa = PBXFileReference; lastKnownFileType = sourcecode.swift; path = FixturesResponse.swift; sourceTree = "<group>"; };
		1F7B86B920115A300081B7B5 /* Result.swift */ = {isa = PBXFileReference; lastKnownFileType = sourcecode.swift; path = Result.swift; sourceTree = "<group>"; };
		1F905EBE2013CCA1008CE3BA /* PlayerTableViewController.swift */ = {isa = PBXFileReference; lastKnownFileType = sourcecode.swift; path = PlayerTableViewController.swift; sourceTree = "<group>"; };
		1FAD0A621FFEB222001274F5 /* PlayerTableViewCell.swift */ = {isa = PBXFileReference; lastKnownFileType = sourcecode.swift; path = PlayerTableViewCell.swift; sourceTree = "<group>"; };
		1FAD0A631FFEB222001274F5 /* PlayerTableViewCell.xib */ = {isa = PBXFileReference; lastKnownFileType = file.xib; path = PlayerTableViewCell.xib; sourceTree = "<group>"; };
		1FAD0A661FFEC37D001274F5 /* LeagueTable.swift */ = {isa = PBXFileReference; lastKnownFileType = sourcecode.swift; path = LeagueTable.swift; sourceTree = "<group>"; };
		1FAD0A681FFEC4A5001274F5 /* Fixture.swift */ = {isa = PBXFileReference; lastKnownFileType = sourcecode.swift; path = Fixture.swift; sourceTree = "<group>"; };
		1FAD0A6A1FFECC95001274F5 /* LeagueTableViewController.swift */ = {isa = PBXFileReference; lastKnownFileType = sourcecode.swift; path = LeagueTableViewController.swift; sourceTree = "<group>"; };
		1FAD0A6C1FFECD37001274F5 /* LeagueTableViewCell.swift */ = {isa = PBXFileReference; lastKnownFileType = sourcecode.swift; path = LeagueTableViewCell.swift; sourceTree = "<group>"; };
		1FAD0A6D1FFECD37001274F5 /* LeagueTableViewCell.xib */ = {isa = PBXFileReference; lastKnownFileType = file.xib; path = LeagueTableViewCell.xib; sourceTree = "<group>"; };
		1FBCBF0C1FD5E3A20000AD57 /* FootballNow!.app */ = {isa = PBXFileReference; explicitFileType = wrapper.application; includeInIndex = 0; path = "FootballNow!.app"; sourceTree = BUILT_PRODUCTS_DIR; };
		1FBCBF0F1FD5E3A20000AD57 /* AppDelegate.swift */ = {isa = PBXFileReference; lastKnownFileType = sourcecode.swift; path = AppDelegate.swift; sourceTree = "<group>"; };
		1FBCBF141FD5E3A20000AD57 /* Base */ = {isa = PBXFileReference; lastKnownFileType = file.storyboard; name = Base; path = Base.lproj/Main.storyboard; sourceTree = "<group>"; };
		1FBCBF161FD5E3A20000AD57 /* Assets.xcassets */ = {isa = PBXFileReference; lastKnownFileType = folder.assetcatalog; path = Assets.xcassets; sourceTree = "<group>"; };
		1FBCBF191FD5E3A20000AD57 /* Base */ = {isa = PBXFileReference; lastKnownFileType = file.storyboard; name = Base; path = Base.lproj/LaunchScreen.storyboard; sourceTree = "<group>"; };
		1FBCBF1B1FD5E3A20000AD57 /* Info.plist */ = {isa = PBXFileReference; lastKnownFileType = text.plist.xml; path = Info.plist; sourceTree = "<group>"; };
		1FBCBF201FD5E3A30000AD57 /* FootballNow!Tests.xctest */ = {isa = PBXFileReference; explicitFileType = wrapper.cfbundle; includeInIndex = 0; path = "FootballNow!Tests.xctest"; sourceTree = BUILT_PRODUCTS_DIR; };
		1FBCBF241FD5E3A30000AD57 /* FootballNow_Tests.swift */ = {isa = PBXFileReference; lastKnownFileType = sourcecode.swift; path = FootballNow_Tests.swift; sourceTree = "<group>"; };
		1FBCBF261FD5E3A30000AD57 /* Info.plist */ = {isa = PBXFileReference; lastKnownFileType = text.plist.xml; path = Info.plist; sourceTree = "<group>"; };
		1FBCBF2F1FD5E3D20000AD57 /* Team.swift */ = {isa = PBXFileReference; lastKnownFileType = sourcecode.swift; path = Team.swift; sourceTree = "<group>"; };
		1FBCBF351FD5E93C0000AD57 /* Default-568h@2x.png */ = {isa = PBXFileReference; lastKnownFileType = image.png; path = "Default-568h@2x.png"; sourceTree = "<group>"; };
		1FBCBF371FD5E9CB0000AD57 /* TeamsTableViewCell.swift */ = {isa = PBXFileReference; lastKnownFileType = sourcecode.swift; path = TeamsTableViewCell.swift; sourceTree = "<group>"; };
		1FBCBF381FD5E9CB0000AD57 /* TeamsTableViewCell.xib */ = {isa = PBXFileReference; lastKnownFileType = file.xib; path = TeamsTableViewCell.xib; sourceTree = "<group>"; };
		1FBCBF3B1FD5E9F60000AD57 /* TeamsTableViewController.swift */ = {isa = PBXFileReference; lastKnownFileType = sourcecode.swift; path = TeamsTableViewController.swift; sourceTree = "<group>"; };
		1FF318A71FE1B201003C2C6D /* FootballNow!-Bridging-Header.h */ = {isa = PBXFileReference; lastKnownFileType = sourcecode.c.h; path = "FootballNow!-Bridging-Header.h"; sourceTree = "<group>"; };
		212A9EC1D3C678BB5085E768 /* Pods-FootballNow!Tests.release.xcconfig */ = {isa = PBXFileReference; includeInIndex = 1; lastKnownFileType = text.xcconfig; name = "Pods-FootballNow!Tests.release.xcconfig"; path = "Pods/Target Support Files/Pods-FootballNow!Tests/Pods-FootballNow!Tests.release.xcconfig"; sourceTree = "<group>"; };
		485412F6BF7E76CD3CADEB51 /* Pods_FootballNow_.framework */ = {isa = PBXFileReference; explicitFileType = wrapper.framework; includeInIndex = 0; path = Pods_FootballNow_.framework; sourceTree = BUILT_PRODUCTS_DIR; };
		5C62678C78C9DD6719E24ED7 /* Pods-FootballNow!Tests.debug.xcconfig */ = {isa = PBXFileReference; includeInIndex = 1; lastKnownFileType = text.xcconfig; name = "Pods-FootballNow!Tests.debug.xcconfig"; path = "Pods/Target Support Files/Pods-FootballNow!Tests/Pods-FootballNow!Tests.debug.xcconfig"; sourceTree = "<group>"; };
		BE848B39DF81BFC2657DB374 /* Pods_FootballNow_Tests.framework */ = {isa = PBXFileReference; explicitFileType = wrapper.framework; includeInIndex = 0; path = Pods_FootballNow_Tests.framework; sourceTree = BUILT_PRODUCTS_DIR; };
		CB84599E80F3ACE8DC8BBAE5 /* Pods-FootballNow!.release.xcconfig */ = {isa = PBXFileReference; includeInIndex = 1; lastKnownFileType = text.xcconfig; name = "Pods-FootballNow!.release.xcconfig"; path = "Pods/Target Support Files/Pods-FootballNow!/Pods-FootballNow!.release.xcconfig"; sourceTree = "<group>"; };
		FC907EF4169F8A7DF954AAD8 /* Pods-FootballNow!.debug.xcconfig */ = {isa = PBXFileReference; includeInIndex = 1; lastKnownFileType = text.xcconfig; name = "Pods-FootballNow!.debug.xcconfig"; path = "Pods/Target Support Files/Pods-FootballNow!/Pods-FootballNow!.debug.xcconfig"; sourceTree = "<group>"; };
/* End PBXFileReference section */

/* Begin PBXFrameworksBuildPhase section */
		1FBCBF091FD5E3A20000AD57 /* Frameworks */ = {
			isa = PBXFrameworksBuildPhase;
			buildActionMask = 2147483647;
			files = (
				90ACE31A2B0AA16EE4327819 /* Pods_FootballNow_.framework in Frameworks */,
			);
			runOnlyForDeploymentPostprocessing = 0;
		};
		1FBCBF1D1FD5E3A30000AD57 /* Frameworks */ = {
			isa = PBXFrameworksBuildPhase;
			buildActionMask = 2147483647;
			files = (
				3DF59A8653DC6888CF7F70DF /* Pods_FootballNow_Tests.framework in Frameworks */,
			);
			runOnlyForDeploymentPostprocessing = 0;
		};
/* End PBXFrameworksBuildPhase section */

/* Begin PBXGroup section */
		1FBCBF031FD5E3A20000AD57 = {
			isa = PBXGroup;
			children = (
				1FF318A71FE1B201003C2C6D /* FootballNow!-Bridging-Header.h */,
				1FBCBF0E1FD5E3A20000AD57 /* FootballNow! */,
				1FBCBF231FD5E3A30000AD57 /* FootballNow!Tests */,
				1FBCBF0D1FD5E3A20000AD57 /* Products */,
				AC7BBFC4C33D680505F87FE4 /* Pods */,
				E2DB08259C0887769E674F1A /* Frameworks */,
			);
			sourceTree = "<group>";
		};
		1FBCBF0D1FD5E3A20000AD57 /* Products */ = {
			isa = PBXGroup;
			children = (
				1FBCBF0C1FD5E3A20000AD57 /* FootballNow!.app */,
				1FBCBF201FD5E3A30000AD57 /* FootballNow!Tests.xctest */,
			);
			name = Products;
			sourceTree = "<group>";
		};
		1FBCBF0E1FD5E3A20000AD57 /* FootballNow! */ = {
			isa = PBXGroup;
			children = (
				1FBCBF311FD5E8E80000AD57 /* Model */,
				1FBCBF321FD5E8F50000AD57 /* View */,
				1FBCBF331FD5E8FC0000AD57 /* Controller */,
				1FBCBF341FD5E9190000AD57 /* Supporting Files */,
			);
			path = "FootballNow!";
			sourceTree = "<group>";
		};
		1FBCBF231FD5E3A30000AD57 /* FootballNow!Tests */ = {
			isa = PBXGroup;
			children = (
				1FBCBF241FD5E3A30000AD57 /* FootballNow_Tests.swift */,
				1FBCBF261FD5E3A30000AD57 /* Info.plist */,
			);
			path = "FootballNow!Tests";
			sourceTree = "<group>";
		};
		1FBCBF311FD5E8E80000AD57 /* Model */ = {
			isa = PBXGroup;
			children = (
				1FBCBF2F1FD5E3D20000AD57 /* Team.swift */,
				1FAD0A661FFEC37D001274F5 /* LeagueTable.swift */,
				1F470B011FFEA03100ED3650 /* Player.swift */,
				1FAD0A681FFEC4A5001274F5 /* Fixture.swift */,
				1F7B86B920115A300081B7B5 /* Result.swift */,
				1F7B86B5201144A40081B7B5 /* FixturesResponse.swift */,
				1F78699B2013E9F9007CC8A3 /* TeamResponse.swift */,
			);
			path = Model;
			sourceTree = "<group>";
		};
		1FBCBF321FD5E8F50000AD57 /* View */ = {
			isa = PBXGroup;
			children = (
				1FBCBF371FD5E9CB0000AD57 /* TeamsTableViewCell.swift */,
				1FBCBF381FD5E9CB0000AD57 /* TeamsTableViewCell.xib */,
				1FAD0A621FFEB222001274F5 /* PlayerTableViewCell.swift */,
				1FAD0A631FFEB222001274F5 /* PlayerTableViewCell.xib */,
				1FAD0A6C1FFECD37001274F5 /* LeagueTableViewCell.swift */,
				1FAD0A6D1FFECD37001274F5 /* LeagueTableViewCell.xib */,
				1F6FB63C200C1501007BE5F9 /* FixtureTableViewCell.swift */,
				1F6FB63D200C1501007BE5F9 /* FixtureTableViewCell.xib */,
			);
			path = View;
			sourceTree = "<group>";
		};
		1FBCBF331FD5E8FC0000AD57 /* Controller */ = {
			isa = PBXGroup;
			children = (
				1FBCBF3B1FD5E9F60000AD57 /* TeamsTableViewController.swift */,
				1F905EBE2013CCA1008CE3BA /* PlayerTableViewController.swift */,
				1FAD0A6A1FFECC95001274F5 /* LeagueTableViewController.swift */,
				1F6FB640200C152B007BE5F9 /* FixtureTableViewController.swift */,
			);
			path = Controller;
			sourceTree = "<group>";
		};
		1FBCBF341FD5E9190000AD57 /* Supporting Files */ = {
			isa = PBXGroup;
			children = (
				1FBCBF1B1FD5E3A20000AD57 /* Info.plist */,
				1FBCBF351FD5E93C0000AD57 /* Default-568h@2x.png */,
				1FBCBF0F1FD5E3A20000AD57 /* AppDelegate.swift */,
				1FBCBF161FD5E3A20000AD57 /* Assets.xcassets */,
				1FBCBF181FD5E3A20000AD57 /* LaunchScreen.storyboard */,
				1FBCBF131FD5E3A20000AD57 /* Main.storyboard */,
			);
			path = "Supporting Files";
			sourceTree = "<group>";
		};
		AC7BBFC4C33D680505F87FE4 /* Pods */ = {
			isa = PBXGroup;
			children = (
				FC907EF4169F8A7DF954AAD8 /* Pods-FootballNow!.debug.xcconfig */,
				CB84599E80F3ACE8DC8BBAE5 /* Pods-FootballNow!.release.xcconfig */,
				5C62678C78C9DD6719E24ED7 /* Pods-FootballNow!Tests.debug.xcconfig */,
				212A9EC1D3C678BB5085E768 /* Pods-FootballNow!Tests.release.xcconfig */,
			);
			name = Pods;
			sourceTree = "<group>";
		};
		E2DB08259C0887769E674F1A /* Frameworks */ = {
			isa = PBXGroup;
			children = (
				485412F6BF7E76CD3CADEB51 /* Pods_FootballNow_.framework */,
				BE848B39DF81BFC2657DB374 /* Pods_FootballNow_Tests.framework */,
			);
			name = Frameworks;
			sourceTree = "<group>";
		};
/* End PBXGroup section */

/* Begin PBXNativeTarget section */
		1FBCBF0B1FD5E3A20000AD57 /* FootballNow! */ = {
			isa = PBXNativeTarget;
			buildConfigurationList = 1FBCBF291FD5E3A30000AD57 /* Build configuration list for PBXNativeTarget "FootballNow!" */;
			buildPhases = (
				EBD6B590A05BEE2E4D5D7310 /* [CP] Check Pods Manifest.lock */,
				1FBCBF081FD5E3A20000AD57 /* Sources */,
				1FBCBF091FD5E3A20000AD57 /* Frameworks */,
				1FBCBF0A1FD5E3A20000AD57 /* Resources */,
				1BE57A05E78C19371EA14287 /* [CP] Embed Pods Frameworks */,
				AD59005F7EE9EB8BF683E9CA /* [CP] Copy Pods Resources */,
			);
			buildRules = (
			);
			dependencies = (
			);
			name = "FootballNow!";
			productName = "FootballNow!";
			productReference = 1FBCBF0C1FD5E3A20000AD57 /* FootballNow!.app */;
			productType = "com.apple.product-type.application";
		};
		1FBCBF1F1FD5E3A30000AD57 /* FootballNow!Tests */ = {
			isa = PBXNativeTarget;
			buildConfigurationList = 1FBCBF2C1FD5E3A30000AD57 /* Build configuration list for PBXNativeTarget "FootballNow!Tests" */;
			buildPhases = (
				819D262ED562FB4EFC18F58E /* [CP] Check Pods Manifest.lock */,
				1FBCBF1C1FD5E3A30000AD57 /* Sources */,
				1FBCBF1D1FD5E3A30000AD57 /* Frameworks */,
				1FBCBF1E1FD5E3A30000AD57 /* Resources */,
				0AC41F1DA62D3AFCB27FAD0F /* [CP] Embed Pods Frameworks */,
				4F6D7D60867CB7D2A2575BC6 /* [CP] Copy Pods Resources */,
			);
			buildRules = (
			);
			dependencies = (
				1FBCBF221FD5E3A30000AD57 /* PBXTargetDependency */,
			);
			name = "FootballNow!Tests";
			productName = "FootballNow!Tests";
			productReference = 1FBCBF201FD5E3A30000AD57 /* FootballNow!Tests.xctest */;
			productType = "com.apple.product-type.bundle.unit-test";
		};
/* End PBXNativeTarget section */

/* Begin PBXProject section */
		1FBCBF041FD5E3A20000AD57 /* Project object */ = {
			isa = PBXProject;
			attributes = {
				LastSwiftUpdateCheck = 0910;
				LastUpgradeCheck = 0910;
				ORGANIZATIONNAME = geeoku;
				TargetAttributes = {
					1FBCBF0B1FD5E3A20000AD57 = {
						CreatedOnToolsVersion = 9.1;
						LastSwiftMigration = 0910;
						ProvisioningStyle = Automatic;
					};
					1FBCBF1F1FD5E3A30000AD57 = {
						CreatedOnToolsVersion = 9.1;
						ProvisioningStyle = Automatic;
						TestTargetID = 1FBCBF0B1FD5E3A20000AD57;
					};
				};
			};
			buildConfigurationList = 1FBCBF071FD5E3A20000AD57 /* Build configuration list for PBXProject "FootballNow!" */;
			compatibilityVersion = "Xcode 8.0";
			developmentRegion = en;
			hasScannedForEncodings = 0;
			knownRegions = (
				en,
				Base,
			);
			mainGroup = 1FBCBF031FD5E3A20000AD57;
			productRefGroup = 1FBCBF0D1FD5E3A20000AD57 /* Products */;
			projectDirPath = "";
			projectRoot = "";
			targets = (
				1FBCBF0B1FD5E3A20000AD57 /* FootballNow! */,
				1FBCBF1F1FD5E3A30000AD57 /* FootballNow!Tests */,
			);
		};
/* End PBXProject section */

/* Begin PBXResourcesBuildPhase section */
		1FBCBF0A1FD5E3A20000AD57 /* Resources */ = {
			isa = PBXResourcesBuildPhase;
			buildActionMask = 2147483647;
			files = (
				1FBCBF1A1FD5E3A20000AD57 /* LaunchScreen.storyboard in Resources */,
				1FAD0A6F1FFECD37001274F5 /* LeagueTableViewCell.xib in Resources */,
				1FBCBF361FD5E93C0000AD57 /* Default-568h@2x.png in Resources */,
				1F6FB63F200C1501007BE5F9 /* FixtureTableViewCell.xib in Resources */,
				1FAD0A651FFEB222001274F5 /* PlayerTableViewCell.xib in Resources */,
				1FBCBF171FD5E3A20000AD57 /* Assets.xcassets in Resources */,
				1FBCBF3A1FD5E9CB0000AD57 /* TeamsTableViewCell.xib in Resources */,
				1FBCBF151FD5E3A20000AD57 /* Main.storyboard in Resources */,
			);
			runOnlyForDeploymentPostprocessing = 0;
		};
		1FBCBF1E1FD5E3A30000AD57 /* Resources */ = {
			isa = PBXResourcesBuildPhase;
			buildActionMask = 2147483647;
			files = (
			);
			runOnlyForDeploymentPostprocessing = 0;
		};
/* End PBXResourcesBuildPhase section */

/* Begin PBXShellScriptBuildPhase section */
		0AC41F1DA62D3AFCB27FAD0F /* [CP] Embed Pods Frameworks */ = {
			isa = PBXShellScriptBuildPhase;
			buildActionMask = 2147483647;
			files = (
			);
			inputPaths = (
			);
			name = "[CP] Embed Pods Frameworks";
			outputPaths = (
			);
			runOnlyForDeploymentPostprocessing = 0;
			shellPath = /bin/sh;
			shellScript = "\"${SRCROOT}/Pods/Target Support Files/Pods-FootballNow!Tests/Pods-FootballNow!Tests-frameworks.sh\"\n";
			showEnvVarsInLog = 0;
		};
		1BE57A05E78C19371EA14287 /* [CP] Embed Pods Frameworks */ = {
			isa = PBXShellScriptBuildPhase;
			buildActionMask = 2147483647;
			files = (
			);
			inputPaths = (
			);
			name = "[CP] Embed Pods Frameworks";
			outputPaths = (
			);
			runOnlyForDeploymentPostprocessing = 0;
			shellPath = /bin/sh;
			shellScript = "\"${SRCROOT}/Pods/Target Support Files/Pods-FootballNow!/Pods-FootballNow!-frameworks.sh\"\n";
			showEnvVarsInLog = 0;
		};
		4F6D7D60867CB7D2A2575BC6 /* [CP] Copy Pods Resources */ = {
			isa = PBXShellScriptBuildPhase;
			buildActionMask = 2147483647;
			files = (
			);
			inputPaths = (
			);
			name = "[CP] Copy Pods Resources";
			outputPaths = (
			);
			runOnlyForDeploymentPostprocessing = 0;
			shellPath = /bin/sh;
			shellScript = "\"${SRCROOT}/Pods/Target Support Files/Pods-FootballNow!Tests/Pods-FootballNow!Tests-resources.sh\"\n";
			showEnvVarsInLog = 0;
		};
		819D262ED562FB4EFC18F58E /* [CP] Check Pods Manifest.lock */ = {
			isa = PBXShellScriptBuildPhase;
			buildActionMask = 2147483647;
			files = (
			);
			inputPaths = (
			);
			name = "[CP] Check Pods Manifest.lock";
			outputPaths = (
			);
			runOnlyForDeploymentPostprocessing = 0;
			shellPath = /bin/sh;
			shellScript = "diff \"${PODS_ROOT}/../Podfile.lock\" \"${PODS_ROOT}/Manifest.lock\" > /dev/null\nif [ $? != 0 ] ; then\n    # print error to STDERR\n    echo \"error: The sandbox is not in sync with the Podfile.lock. Run 'pod install' or update your CocoaPods installation.\" >&2\n    exit 1\nfi\n";
			showEnvVarsInLog = 0;
		};
		AD59005F7EE9EB8BF683E9CA /* [CP] Copy Pods Resources */ = {
			isa = PBXShellScriptBuildPhase;
			buildActionMask = 2147483647;
			files = (
			);
			inputPaths = (
			);
			name = "[CP] Copy Pods Resources";
			outputPaths = (
			);
			runOnlyForDeploymentPostprocessing = 0;
			shellPath = /bin/sh;
			shellScript = "\"${SRCROOT}/Pods/Target Support Files/Pods-FootballNow!/Pods-FootballNow!-resources.sh\"\n";
			showEnvVarsInLog = 0;
		};
		EBD6B590A05BEE2E4D5D7310 /* [CP] Check Pods Manifest.lock */ = {
			isa = PBXShellScriptBuildPhase;
			buildActionMask = 2147483647;
			files = (
			);
			inputPaths = (
			);
			name = "[CP] Check Pods Manifest.lock";
			outputPaths = (
			);
			runOnlyForDeploymentPostprocessing = 0;
			shellPath = /bin/sh;
			shellScript = "diff \"${PODS_ROOT}/../Podfile.lock\" \"${PODS_ROOT}/Manifest.lock\" > /dev/null\nif [ $? != 0 ] ; then\n    # print error to STDERR\n    echo \"error: The sandbox is not in sync with the Podfile.lock. Run 'pod install' or update your CocoaPods installation.\" >&2\n    exit 1\nfi\n";
			showEnvVarsInLog = 0;
		};
/* End PBXShellScriptBuildPhase section */

/* Begin PBXSourcesBuildPhase section */
		1FBCBF081FD5E3A20000AD57 /* Sources */ = {
			isa = PBXSourcesBuildPhase;
			buildActionMask = 2147483647;
			files = (
				1FAD0A641FFEB222001274F5 /* PlayerTableViewCell.swift in Sources */,
				1F7B86B6201144A40081B7B5 /* FixturesResponse.swift in Sources */,
				1FBCBF301FD5E3D20000AD57 /* Team.swift in Sources */,
				1F78699C2013E9F9007CC8A3 /* TeamResponse.swift in Sources */,
				1FBCBF101FD5E3A20000AD57 /* AppDelegate.swift in Sources */,
				1FBCBF3C1FD5E9F60000AD57 /* TeamsTableViewController.swift in Sources */,
				1F905EBF2013CCA1008CE3BA /* PlayerTableViewController.swift in Sources */,
				1FAD0A6B1FFECC95001274F5 /* LeagueTableViewController.swift in Sources */,
				1F7B86BA20115A300081B7B5 /* Result.swift in Sources */,
				1FAD0A671FFEC37D001274F5 /* LeagueTable.swift in Sources */,
				1F6FB641200C152B007BE5F9 /* FixtureTableViewController.swift in Sources */,
				1FAD0A6E1FFECD37001274F5 /* LeagueTableViewCell.swift in Sources */,
				1F470B021FFEA03100ED3650 /* Player.swift in Sources */,
				1F6FB63E200C1501007BE5F9 /* FixtureTableViewCell.swift in Sources */,
				1FBCBF391FD5E9CB0000AD57 /* TeamsTableViewCell.swift in Sources */,
				1FAD0A691FFEC4A5001274F5 /* Fixture.swift in Sources */,
			);
			runOnlyForDeploymentPostprocessing = 0;
		};
		1FBCBF1C1FD5E3A30000AD57 /* Sources */ = {
			isa = PBXSourcesBuildPhase;
			buildActionMask = 2147483647;
			files = (
				1FBCBF251FD5E3A30000AD57 /* FootballNow_Tests.swift in Sources */,
			);
			runOnlyForDeploymentPostprocessing = 0;
		};
/* End PBXSourcesBuildPhase section */

/* Begin PBXTargetDependency section */
		1FBCBF221FD5E3A30000AD57 /* PBXTargetDependency */ = {
			isa = PBXTargetDependency;
			target = 1FBCBF0B1FD5E3A20000AD57 /* FootballNow! */;
			targetProxy = 1FBCBF211FD5E3A30000AD57 /* PBXContainerItemProxy */;
		};
/* End PBXTargetDependency section */

/* Begin PBXVariantGroup section */
		1FBCBF131FD5E3A20000AD57 /* Main.storyboard */ = {
			isa = PBXVariantGroup;
			children = (
				1FBCBF141FD5E3A20000AD57 /* Base */,
			);
			name = Main.storyboard;
			sourceTree = "<group>";
		};
		1FBCBF181FD5E3A20000AD57 /* LaunchScreen.storyboard */ = {
			isa = PBXVariantGroup;
			children = (
				1FBCBF191FD5E3A20000AD57 /* Base */,
			);
			name = LaunchScreen.storyboard;
			sourceTree = "<group>";
		};
/* End PBXVariantGroup section */

/* Begin XCBuildConfiguration section */
		1FBCBF271FD5E3A30000AD57 /* Debug */ = {
			isa = XCBuildConfiguration;
			buildSettings = {
				ALWAYS_SEARCH_USER_PATHS = NO;
				CLANG_ANALYZER_NONNULL = YES;
				CLANG_ANALYZER_NUMBER_OBJECT_CONVERSION = YES_AGGRESSIVE;
				CLANG_CXX_LANGUAGE_STANDARD = "gnu++14";
				CLANG_CXX_LIBRARY = "libc++";
				CLANG_ENABLE_MODULES = YES;
				CLANG_ENABLE_OBJC_ARC = YES;
				CLANG_WARN_BLOCK_CAPTURE_AUTORELEASING = YES;
				CLANG_WARN_BOOL_CONVERSION = YES;
				CLANG_WARN_COMMA = YES;
				CLANG_WARN_CONSTANT_CONVERSION = YES;
				CLANG_WARN_DIRECT_OBJC_ISA_USAGE = YES_ERROR;
				CLANG_WARN_DOCUMENTATION_COMMENTS = YES;
				CLANG_WARN_EMPTY_BODY = YES;
				CLANG_WARN_ENUM_CONVERSION = YES;
				CLANG_WARN_INFINITE_RECURSION = YES;
				CLANG_WARN_INT_CONVERSION = YES;
				CLANG_WARN_NON_LITERAL_NULL_CONVERSION = YES;
				CLANG_WARN_OBJC_LITERAL_CONVERSION = YES;
				CLANG_WARN_OBJC_ROOT_CLASS = YES_ERROR;
				CLANG_WARN_RANGE_LOOP_ANALYSIS = YES;
				CLANG_WARN_STRICT_PROTOTYPES = YES;
				CLANG_WARN_SUSPICIOUS_MOVE = YES;
				CLANG_WARN_UNGUARDED_AVAILABILITY = YES_AGGRESSIVE;
				CLANG_WARN_UNREACHABLE_CODE = YES;
				CLANG_WARN__DUPLICATE_METHOD_MATCH = YES;
				CODE_SIGN_IDENTITY = "iPhone Developer";
				COPY_PHASE_STRIP = NO;
				DEBUG_INFORMATION_FORMAT = dwarf;
				ENABLE_STRICT_OBJC_MSGSEND = YES;
				ENABLE_TESTABILITY = YES;
				GCC_C_LANGUAGE_STANDARD = gnu11;
				GCC_DYNAMIC_NO_PIC = NO;
				GCC_NO_COMMON_BLOCKS = YES;
				GCC_OPTIMIZATION_LEVEL = 0;
				GCC_PREPROCESSOR_DEFINITIONS = (
					"DEBUG=1",
					"$(inherited)",
				);
				GCC_WARN_64_TO_32_BIT_CONVERSION = YES;
				GCC_WARN_ABOUT_RETURN_TYPE = YES_ERROR;
				GCC_WARN_UNDECLARED_SELECTOR = YES;
				GCC_WARN_UNINITIALIZED_AUTOS = YES_AGGRESSIVE;
				GCC_WARN_UNUSED_FUNCTION = YES;
				GCC_WARN_UNUSED_VARIABLE = YES;
				IPHONEOS_DEPLOYMENT_TARGET = 11.1;
				MTL_ENABLE_DEBUG_INFO = YES;
				ONLY_ACTIVE_ARCH = YES;
				SDKROOT = iphoneos;
				SWIFT_ACTIVE_COMPILATION_CONDITIONS = DEBUG;
				SWIFT_OPTIMIZATION_LEVEL = "-Onone";
			};
			name = Debug;
		};
		1FBCBF281FD5E3A30000AD57 /* Release */ = {
			isa = XCBuildConfiguration;
			buildSettings = {
				ALWAYS_SEARCH_USER_PATHS = NO;
				CLANG_ANALYZER_NONNULL = YES;
				CLANG_ANALYZER_NUMBER_OBJECT_CONVERSION = YES_AGGRESSIVE;
				CLANG_CXX_LANGUAGE_STANDARD = "gnu++14";
				CLANG_CXX_LIBRARY = "libc++";
				CLANG_ENABLE_MODULES = YES;
				CLANG_ENABLE_OBJC_ARC = YES;
				CLANG_WARN_BLOCK_CAPTURE_AUTORELEASING = YES;
				CLANG_WARN_BOOL_CONVERSION = YES;
				CLANG_WARN_COMMA = YES;
				CLANG_WARN_CONSTANT_CONVERSION = YES;
				CLANG_WARN_DIRECT_OBJC_ISA_USAGE = YES_ERROR;
				CLANG_WARN_DOCUMENTATION_COMMENTS = YES;
				CLANG_WARN_EMPTY_BODY = YES;
				CLANG_WARN_ENUM_CONVERSION = YES;
				CLANG_WARN_INFINITE_RECURSION = YES;
				CLANG_WARN_INT_CONVERSION = YES;
				CLANG_WARN_NON_LITERAL_NULL_CONVERSION = YES;
				CLANG_WARN_OBJC_LITERAL_CONVERSION = YES;
				CLANG_WARN_OBJC_ROOT_CLASS = YES_ERROR;
				CLANG_WARN_RANGE_LOOP_ANALYSIS = YES;
				CLANG_WARN_STRICT_PROTOTYPES = YES;
				CLANG_WARN_SUSPICIOUS_MOVE = YES;
				CLANG_WARN_UNGUARDED_AVAILABILITY = YES_AGGRESSIVE;
				CLANG_WARN_UNREACHABLE_CODE = YES;
				CLANG_WARN__DUPLICATE_METHOD_MATCH = YES;
				CODE_SIGN_IDENTITY = "iPhone Developer";
				COPY_PHASE_STRIP = NO;
				DEBUG_INFORMATION_FORMAT = "dwarf-with-dsym";
				ENABLE_NS_ASSERTIONS = NO;
				ENABLE_STRICT_OBJC_MSGSEND = YES;
				GCC_C_LANGUAGE_STANDARD = gnu11;
				GCC_NO_COMMON_BLOCKS = YES;
				GCC_WARN_64_TO_32_BIT_CONVERSION = YES;
				GCC_WARN_ABOUT_RETURN_TYPE = YES_ERROR;
				GCC_WARN_UNDECLARED_SELECTOR = YES;
				GCC_WARN_UNINITIALIZED_AUTOS = YES_AGGRESSIVE;
				GCC_WARN_UNUSED_FUNCTION = YES;
				GCC_WARN_UNUSED_VARIABLE = YES;
				IPHONEOS_DEPLOYMENT_TARGET = 11.1;
				MTL_ENABLE_DEBUG_INFO = NO;
				SDKROOT = iphoneos;
				SWIFT_OPTIMIZATION_LEVEL = "-Owholemodule";
				VALIDATE_PRODUCT = YES;
			};
			name = Release;
		};
		1FBCBF2A1FD5E3A30000AD57 /* Debug */ = {
			isa = XCBuildConfiguration;
			baseConfigurationReference = FC907EF4169F8A7DF954AAD8 /* Pods-FootballNow!.debug.xcconfig */;
			buildSettings = {
				ALWAYS_EMBED_SWIFT_STANDARD_LIBRARIES = YES;
				ASSETCATALOG_COMPILER_APPICON_NAME = AppIcon;
				CLANG_ENABLE_MODULES = YES;
				CODE_SIGN_STYLE = Automatic;
				DEVELOPMENT_TEAM = 7E646DTM59;
				INFOPLIST_FILE = "$(SRCROOT)/FootballNow!/Supporting Files/Info.plist";
				LD_RUNPATH_SEARCH_PATHS = "$(inherited) @executable_path/Frameworks";
				PRODUCT_BUNDLE_IDENTIFIER = "com.geeoku.FootballNow-";
				PRODUCT_NAME = "$(TARGET_NAME)";
				SWIFT_OBJC_BRIDGING_HEADER = "FootballNow!-Bridging-Header.h";
				SWIFT_OPTIMIZATION_LEVEL = "-Onone";
				SWIFT_VERSION = 4.0;
				TARGETED_DEVICE_FAMILY = "1,2";
			};
			name = Debug;
		};
		1FBCBF2B1FD5E3A30000AD57 /* Release */ = {
			isa = XCBuildConfiguration;
			baseConfigurationReference = CB84599E80F3ACE8DC8BBAE5 /* Pods-FootballNow!.release.xcconfig */;
			buildSettings = {
				ALWAYS_EMBED_SWIFT_STANDARD_LIBRARIES = YES;
				ASSETCATALOG_COMPILER_APPICON_NAME = AppIcon;
				CLANG_ENABLE_MODULES = YES;
				CODE_SIGN_STYLE = Automatic;
				DEVELOPMENT_TEAM = 7E646DTM59;
				INFOPLIST_FILE = "$(SRCROOT)/FootballNow!/Supporting Files/Info.plist";
				LD_RUNPATH_SEARCH_PATHS = "$(inherited) @executable_path/Frameworks";
				PRODUCT_BUNDLE_IDENTIFIER = "com.geeoku.FootballNow-";
				PRODUCT_NAME = "$(TARGET_NAME)";
				SWIFT_OBJC_BRIDGING_HEADER = "FootballNow!-Bridging-Header.h";
				SWIFT_VERSION = 4.0;
				TARGETED_DEVICE_FAMILY = "1,2";
			};
			name = Release;
		};
		1FBCBF2D1FD5E3A30000AD57 /* Debug */ = {
			isa = XCBuildConfiguration;
			baseConfigurationReference = 5C62678C78C9DD6719E24ED7 /* Pods-FootballNow!Tests.debug.xcconfig */;
			buildSettings = {
				ALWAYS_EMBED_SWIFT_STANDARD_LIBRARIES = YES;
				BUNDLE_LOADER = "$(TEST_HOST)";
				CODE_SIGN_STYLE = Automatic;
				DEVELOPMENT_TEAM = 7E646DTM59;
				INFOPLIST_FILE = "FootballNow!Tests/Info.plist";
				LD_RUNPATH_SEARCH_PATHS = "$(inherited) @executable_path/Frameworks @loader_path/Frameworks";
				PRODUCT_BUNDLE_IDENTIFIER = "com.geeoku.FootballNow-Tests";
				PRODUCT_NAME = "$(TARGET_NAME)";
				SWIFT_VERSION = 4.0;
				TARGETED_DEVICE_FAMILY = "1,2";
				TEST_HOST = "$(BUILT_PRODUCTS_DIR)/FootballNow!.app/FootballNow!";
			};
			name = Debug;
		};
		1FBCBF2E1FD5E3A30000AD57 /* Release */ = {
			isa = XCBuildConfiguration;
			baseConfigurationReference = 212A9EC1D3C678BB5085E768 /* Pods-FootballNow!Tests.release.xcconfig */;
			buildSettings = {
				ALWAYS_EMBED_SWIFT_STANDARD_LIBRARIES = YES;
				BUNDLE_LOADER = "$(TEST_HOST)";
				CODE_SIGN_STYLE = Automatic;
				DEVELOPMENT_TEAM = 7E646DTM59;
				INFOPLIST_FILE = "FootballNow!Tests/Info.plist";
				LD_RUNPATH_SEARCH_PATHS = "$(inherited) @executable_path/Frameworks @loader_path/Frameworks";
				PRODUCT_BUNDLE_IDENTIFIER = "com.geeoku.FootballNow-Tests";
				PRODUCT_NAME = "$(TARGET_NAME)";
				SWIFT_VERSION = 4.0;
				TARGETED_DEVICE_FAMILY = "1,2";
				TEST_HOST = "$(BUILT_PRODUCTS_DIR)/FootballNow!.app/FootballNow!";
			};
			name = Release;
		};
/* End XCBuildConfiguration section */

/* Begin XCConfigurationList section */
		1FBCBF071FD5E3A20000AD57 /* Build configuration list for PBXProject "FootballNow!" */ = {
			isa = XCConfigurationList;
			buildConfigurations = (
				1FBCBF271FD5E3A30000AD57 /* Debug */,
				1FBCBF281FD5E3A30000AD57 /* Release */,
			);
			defaultConfigurationIsVisible = 0;
			defaultConfigurationName = Release;
		};
		1FBCBF291FD5E3A30000AD57 /* Build configuration list for PBXNativeTarget "FootballNow!" */ = {
			isa = XCConfigurationList;
			buildConfigurations = (
				1FBCBF2A1FD5E3A30000AD57 /* Debug */,
				1FBCBF2B1FD5E3A30000AD57 /* Release */,
			);
			defaultConfigurationIsVisible = 0;
			defaultConfigurationName = Release;
		};
		1FBCBF2C1FD5E3A30000AD57 /* Build configuration list for PBXNativeTarget "FootballNow!Tests" */ = {
			isa = XCConfigurationList;
			buildConfigurations = (
				1FBCBF2D1FD5E3A30000AD57 /* Debug */,
				1FBCBF2E1FD5E3A30000AD57 /* Release */,
			);
			defaultConfigurationIsVisible = 0;
			defaultConfigurationName = Release;
		};
/* End XCConfigurationList section */
	};
	rootObject = 1FBCBF041FD5E3A20000AD57 /* Project object */;
}
